
Microsoft Visual Studio Solution File, Format Version 12.00
# Visual Studio Version 17
VisualStudioVersion = 17.6.33712.159
MinimumVisualStudioVersion = 10.0.40219.1
Project("{8BC9CEB8-8B4A-11D0-8D11-00A0C91BC942}") = "NFSTR_UltimateUnlocker", "NFSTR_UltimateUnlocker.vcxproj", "{2D570F92-C7ED-4561-917C-41ABB976F902}"
EndProject
Global
	GlobalSection(SolutionConfigurationPlatforms) = preSolution
		Debug|x86 = Debug|x86
		Release|x86 = Release|x86
	EndGlobalSection
	GlobalSection(ProjectConfigurationPlatforms) = postSolution
		{2D570F92-C7ED-4561-917C-41ABB976F902}.Debug|x86.ActiveCfg = Debug|Win32
		{2D570F92-C7ED-4561-917C-41ABB976F902}.Debug|x86.Build.0 = Debug|Win32
		{2D570F92-C7ED-4561-917C-41ABB976F902}.Release|x86.ActiveCfg = Release|Win32
		{2D570F92-C7ED-4561-917C-41ABB976F902}.Release|x86.Build.0 = Release|Win32
	EndGlobalSection
	GlobalSection(SolutionProperties) = preSolution
		HideSolutionNode = FALSE
	EndGlobalSection
	GlobalSection(ExtensibilityGlobals) = postSolution
		SolutionGuid = {5E9EB347-7B5A-4B83-9585-75B8B2EC4B0B}
	EndGlobalSection
EndGlobal
